
Microsoft Visual Studio Solution File, Format Version 12.00
# Visual Studio 15
VisualStudioVersion = 15.0.28307.852
MinimumVisualStudioVersion = 10.0.40219.1
Project("{FAE04EC0-301F-11D3-BF4B-00C04F79EFBC}") = "MethodsAndStructs", "MethodsAndStructs\MethodsAndStructs.csproj", "{6440E694-4EA4-4867-B7A8-3122656B5481}"
EndProject
Global
	GlobalSection(SolutionConfigurationPlatforms) = preSolution
		Debug|Any CPU = Debug|Any CPU
		Release|Any CPU = Release|Any CPU
	EndGlobalSection
	GlobalSection(ProjectConfigurationPlatforms) = postSolution
		{6440E694-4EA4-4867-B7A8-3122656B5481}.Debug|Any CPU.ActiveCfg = Debug|Any CPU
		{6440E694-4EA4-4867-B7A8-3122656B5481}.Debug|Any CPU.Build.0 = Debug|Any CPU
		{6440E694-4EA4-4867-B7A8-3122656B5481}.Release|Any CPU.ActiveCfg = Release|Any CPU
		{6440E694-4EA4-4867-B7A8-3122656B5481}.Release|Any CPU.Build.0 = Release|Any CPU
	EndGlobalSection
	GlobalSection(SolutionProperties) = preSolution
		HideSolutionNode = FALSE
	EndGlobalSection
	GlobalSection(ExtensibilityGlobals) = postSolution
		SolutionGuid = {C8292420-9918-4FFD-B4B3-CF3CB48EE380}
	EndGlobalSection
EndGlobal
